github.com/ebitengine/purego v0.10.1 h1:dewVBCBT2GaMu1SrNTYxQhgQBethzfhiwvZiLGP/qyY=
github.com/ebitengine/purego v0.10.1/go.mod h1:iIjxzd6CiRiOG0UyXP+V1+jWqUXVjPKLAI0mRfJZTmQ=
github.com/evanw/esbuild v0.28.2 h1:A2uETn4jrQTcXaT/shwTDTYBxDjl7fV7nXmUrJxfA2w=
github.com/evanw/esbuild v0.28.2/go.mod h1:D2vIQZqV/vIf/VRHtViaUtViZmG7o+kKmlBfVQuRi48=
github.com/moxcomic/go-webview v0.0.0-20260607144546-7391706e06ab h1:b+3pZvlFnpMb3qU/pIAqrVO9Mqyym0VJabliGVtN+xE=
github.com/moxcomic/go-webview v0.0.0-20260607144546-7391706e06ab/go.mod h1:7drtCyUopf0DgHzzhCPebsJEIuSqAE8R2K7ta52xqKA=
golang.org/x/sys v0.0.0-20220715151400-c0bba94af5f8 h1:0A+M6Uqn+Eje4kHMK80dtF3JCXC4ykBgQG4Fe06QRhQ=
golang.org/x/sys v0.0.0-20220715151400-c0bba94af5f8/go.mod h1:oPkhp1MJrh7nUepCBck5+mAzfO9JrbApNNgaTdGDITg=
