{
  "name": "rush-benchmark-fixtures",
  "lockfileVersion": 3,
  "requires": true,
  "packages": {
    "": {
      "name": "rush-benchmark-fixtures",
      "devDependencies": {
        "preact": "^10.27.1"
      }
    },
    "node_modules/preact": {
      "version": "10.29.8",
      "resolved": "https://registry.npmjs.org/preact/-/preact-10.29.8.tgz",
      "integrity": "sha512-ej2aVZ+vZ8WO7tvlQWRM9N63A0KzF9q4mWJfDUHgYaIofWY9hu74QdnQrjoPMmZi2/nZ5gN0bJCQF49xQqx09Q==",
      "dev": true,
      "license": "MIT",
      "funding": {
        "type": "opencollective",
        "url": "https://opencollective.com/preact"
      },
      "peerDependencies": {
        "preact-render-to-string": ">=5"
      },
      "peerDependenciesMeta": {
        "preact-render-to-string": {
          "optional": true
        }
      }
    }
  }
}
